
Microsoft Visual Studio Solution File, Format Version 12.00
# Visual Studio Version 16
VisualStudioVersion = 16.0.29519.87
MinimumVisualStudioVersion = 10.0.40219.1
Project("{FAE04EC0-301F-11D3-BF4B-00C04F79EFBC}") = "Tasks12", "Tasks12\Tasks12.csproj", "{48D18237-8943-421F-B137-99B49A5A04FD}"
EndProject
Project("{FAE04EC0-301F-11D3-BF4B-00C04F79EFBC}") = "Tasks12Library", "Tasks12Library\Tasks12Library.csproj", "{E540CDC5-8ECE-4149-9A22-DB24119DB80B}"
EndProject
Global
	GlobalSection(SolutionConfigurationPlatforms) = preSolution
		Debug|Any CPU = Debug|Any CPU
		Release|Any CPU = Release|Any CPU
	EndGlobalSection
	GlobalSection(ProjectConfigurationPlatforms) = postSolution
		{48D18237-8943-421F-B137-99B49A5A04FD}.Debug|Any CPU.ActiveCfg = Debug|Any CPU
		{48D18237-8943-421F-B137-99B49A5A04FD}.Debug|Any CPU.Build.0 = Debug|Any CPU
		{48D18237-8943-421F-B137-99B49A5A04FD}.Release|Any CPU.ActiveCfg = Release|Any CPU
		{48D18237-8943-421F-B137-99B49A5A04FD}.Release|Any CPU.Build.0 = Release|Any CPU
		{E540CDC5-8ECE-4149-9A22-DB24119DB80B}.Debug|Any CPU.ActiveCfg = Debug|Any CPU
		{E540CDC5-8ECE-4149-9A22-DB24119DB80B}.Debug|Any CPU.Build.0 = Debug|Any CPU
		{E540CDC5-8ECE-4149-9A22-DB24119DB80B}.Release|Any CPU.ActiveCfg = Release|Any CPU
		{E540CDC5-8ECE-4149-9A22-DB24119DB80B}.Release|Any CPU.Build.0 = Release|Any CPU
	EndGlobalSection
	GlobalSection(SolutionProperties) = preSolution
		HideSolutionNode = FALSE
	EndGlobalSection
	GlobalSection(ExtensibilityGlobals) = postSolution
		SolutionGuid = {92598EE2-0B0F-4848-923F-F049565DBEE6}
	EndGlobalSection
EndGlobal
